
Microsoft Visual Studio Solution File, Format Version 11.00
# Visual C++ Express 2010
Project("{8BC9CEB8-8B4A-11D0-8D11-00A0C91BC942}") = "acam", "acam\acam.vcxproj", "{B6830EAD-C98E-490D-8999-CAA246788BF7}"
EndProject
Global
	GlobalSection(SolutionConfigurationPlatforms) = preSolution
		Debug|Win32 = Debug|Win32
		Release|Win32 = Release|Win32
	EndGlobalSection
	GlobalSection(ProjectConfigurationPlatforms) = postSolution
		{B6830EAD-C98E-490D-8999-CAA246788BF7}.Debug|Win32.ActiveCfg = Debug|Win32
		{B6830EAD-C98E-490D-8999-CAA246788BF7}.Debug|Win32.Build.0 = Debug|Win32
		{B6830EAD-C98E-490D-8999-CAA246788BF7}.Release|Win32.ActiveCfg = Release|Win32
		{B6830EAD-C98E-490D-8999-CAA246788BF7}.Release|Win32.Build.0 = Release|Win32
	EndGlobalSection
	GlobalSection(SolutionProperties) = preSolution
		HideSolutionNode = FALSE
	EndGlobalSection
EndGlobal
